{
  "schema_version": 1,
  "files": [
    {
      "path": "COC.md",
      "sha256": "9d1cb81678ec74c59d264151d966db421f2c94301bc6216689cca5355e97c2f5"
    },
    {
      "path": "agents/ALIGN-SPECIALIST.md",
      "sha256": "9e744418bb1cea6f96ee1664d855ad6aac1619105953fdf2fc298e290a636959"
    },
    {
      "path": "agents/ANALYST.md",
      "sha256": "f3d735b3b39fd21e9ee3f161c72ae33eccaca249f001e6f4395e0be8a2f3f504"
    },
    {
      "path": "agents/BUILD-FIX.md",
      "sha256": "13b6bbf6d676a254995e7a619c62435f16273d3d18a9df3fb24b46c7064bd7fc"
    },
    {
      "path": "agents/CC-ARCHITECT.md",
      "sha256": "45e9f508ef8aea42afe2f64bb26b0feaf0523f37bf323a72c46b0224ac819e74"
    },
    {
      "path": "agents/CLI-ORCHESTRATOR.md",
      "sha256": "ec78c0cdb1046e4d3634fbebcb49de9911f5b89dc3699014b96bb1722a0d001c"
    },
    {
      "path": "agents/COC-ONBOARDING-SPECIALIST.md",
      "sha256": "e656ed86d116da698cb418f7b50743f9caf92eefcb576a509910af8975282733"
    },
    {
      "path": "agents/CODEX-ARCHITECT.md",
      "sha256": "7164de7f5952032eb041759a647c52ac20a2c6b2b2e1efe39512f410ba45e867"
    },
    {
      "path": "agents/DATAFLOW-SPECIALIST.md",
      "sha256": "40c0acff5ce6e69812140914765c8c2697cf05383e92711a6110d02479280efb"
    },
    {
      "path": "agents/FLUTTER-SPECIALIST.md",
      "sha256": "fc0d27aceeb8acc6b42142e1377f7456761cf1d3e444f6486a2376b728d8561f"
    },
    {
      "path": "agents/GEMINI-ARCHITECT.md",
      "sha256": "048d7095115e72d2ed6b61f0a286e32941d54de2a95a1b72944616e7d4364230"
    },
    {
      "path": "agents/GOLD-STANDARDS-VALIDATOR.md",
      "sha256": "b9e87cf3ac641da17208d02904728a9354d7616cf6c8d6ce70b87c7e1fb0315a"
    },
    {
      "path": "agents/KAIZEN-SPECIALIST.md",
      "sha256": "74fc59338c9f3e757cb0e2a01246813cdb5d8742faa7e67bfbedc51bd0c7bf2f"
    },
    {
      "path": "agents/MCP-PLATFORM-SPECIALIST.md",
      "sha256": "08bbe1e291813d83e5c0e6a14b77cf4a16b97cb99e867d0131a9234e15e929de"
    },
    {
      "path": "agents/MCP-SPECIALIST.md",
      "sha256": "1eb4381679e12f356980ec4981e0208c7621c5a62b77519ab6d2a8fd0334951d"
    },
    {
      "path": "agents/ML-SPECIALIST.md",
      "sha256": "75e8e8b07420bd501dd7432268f5e871d97805036fa1fabfa3dd1ce6660091f3"
    },
    {
      "path": "agents/NEXUS-SPECIALIST.md",
      "sha256": "182cca772ba271cd876461fdd47cec7a4f1a7d73a04cf9ef1cc9070f2b23eb80"
    },
    {
      "path": "agents/PACT-SPECIALIST.md",
      "sha256": "3379966c903d1c8fc0c7b80adbb215830597fce000d3702483e9c4fa581d10ce"
    },
    {
      "path": "agents/PATTERN-EXPERT.md",
      "sha256": "100d0d4adecb5c944552d01ae96289b006c283ab323c30c907d58bd55b388e82"
    },
    {
      "path": "agents/REACT-SPECIALIST.md",
      "sha256": "b7a3c54b2d192d8adb9f74785544ac828a1ca690abf0f95e324bf89e02a6b939"
    },
    {
      "path": "agents/RELEASE-SPECIALIST.md",
      "sha256": "02bda15d6a284d613ac0e9b4285156d87cf200aaef4855a4aca9c5cadea0842d"
    },
    {
      "path": "agents/REVIEWER.md",
      "sha256": "f89ba644c831900054bee6d091b12618c3b2d4fe4febfc15649481cd461ca4c0"
    },
    {
      "path": "agents/SECURITY-REVIEWER.md",
      "sha256": "9ce4ff6eb3f29b2b0788cc9b7795f2c451891e693a47eece50f0a54a96d5f3f6"
    },
    {
      "path": "agents/TDD-IMPLEMENTER.md",
      "sha256": "80f5a5c7c6ed487c50d748eb588a9d6a5e2b687d79ee6e316501383faf21a6d4"
    },
    {
      "path": "agents/TESTING-SPECIALIST.md",
      "sha256": "0097faffce11d1ba1a4b2543605f7c10fc1e792f98e37efc07d112aecc4ac44f"
    },
    {
      "path": "agents/UIUX-DESIGNER.md",
      "sha256": "799fe4b665373feab80a31376ca8a88965949ae883a27053ead3ebb7c5d55358"
    },
    {
      "path": "agents/VALUE-AUDITOR.md",
      "sha256": "c311e7494a8b5d7539d729ea7d182badae7b6bd318cd2df87118b9329c1bea9f"
    },
    {
      "path": "commands/AI.md",
      "sha256": "85895d12fb49fb95bc1a1d8aeb92636d6a47087a0dca70f1fb8bcab4f3623d9c"
    },
    {
      "path": "commands/ANALYZE.md",
      "sha256": "0ac454157ae1d4a6a0b3fa91164f1d5fde490889b7b00a9f00b73b1d2e539816"
    },
    {
      "path": "commands/API.md",
      "sha256": "1fac9ef2f6159bf99892acbafcef9a94d7f606189aef147c2729d32fcb4e4744"
    },
    {
      "path": "commands/AUTONOMIZE.md",
      "sha256": "2c7ea7f7f677806ace407f252c15340774fc5af196a125754dad89e84432387f"
    },
    {
      "path": "commands/CC-AUDIT.md",
      "sha256": "bcdda9951b967c3092cd4810298f96a38f700a959a46c9ca7d4049722670f733"
    },
    {
      "path": "commands/CERTIFY.md",
      "sha256": "2f6c1efa7b7b37d9a5fe8d546da56e97d3329314b82269abae0143ac9a1d3927"
    },
    {
      "path": "commands/CLAIM.md",
      "sha256": "4228cad944c915022a65656cd12e85f4138401f83f71ef95d7c2ba0acc3aaa47"
    },
    {
      "path": "commands/CLAIMS.md",
      "sha256": "9346b4a4e5312fd5e9b1e1f1aa7d2d3b60cc71ba6afcf987abfeb1720cd635bc"
    },
    {
      "path": "commands/CODIFY.md",
      "sha256": "efa55c3f886af39c461aa7476dcd02ac50c93c4dd3d4c0f9bbfe1b00364a66a1"
    },
    {
      "path": "commands/DB.md",
      "sha256": "5a598545470d10f5cea4ed928086a128be430e060419906596352011102e2577"
    },
    {
      "path": "commands/DEPLOY.md",
      "sha256": "9658ff7f96e200e5afb97e6d62693770037b2e9ccb330f6276e60e38a61a9ad5"
    },
    {
      "path": "commands/DESIGN.md",
      "sha256": "c00a28eade81d9aefd6792f6c0f92773eafc3e94a0818d14e7a5b194ca8774c3"
    },
    {
      "path": "commands/ECOSYSTEM-INIT.md",
      "sha256": "8201d8acd23f7553d6a64bb063062c093967d01218507cd184148a015901d58a"
    },
    {
      "path": "commands/ENROLL.md",
      "sha256": "997e9a027ad4c81a68d05b2d4e97f0cba5e2caab97973b6eecca64393e65b8d5"
    },
    {
      "path": "commands/I-AUDIT.md",
      "sha256": "aa7ea265de3b94218d8597fe6499add95967f86dd33d12bbbeaaa71f10836c67"
    },
    {
      "path": "commands/I-HARDEN.md",
      "sha256": "a1bd097b302714b7832cfc10c741dc774768de16ba1f41209f7943eb226251ab"
    },
    {
      "path": "commands/I-POLISH.md",
      "sha256": "09309a7cd75093b81758c1cf4a059fc92ba715e315559009b3662c3fa390f106"
    },
    {
      "path": "commands/IMPLEMENT.md",
      "sha256": "2ec9a67396901634426a5580f7d3471f74d411218fe9f9eda0dd7722ac83ddd6"
    },
    {
      "path": "commands/JOURNAL.md",
      "sha256": "58f3519a82ef684eee4cede6f4d3c6645483f33da58023415dcb13fbf033f9ee"
    },
    {
      "path": "commands/LEARN.md",
      "sha256": "d3e45f235af82d85e1d7ee0afc81792e2f4753ee4f4f64e7e739b8651c046b64"
    },
    {
      "path": "commands/MIGRATE.md",
      "sha256": "0c1e717da9e53d5ab441dd96132d976c17bdd7b686353dfd5527d9bc53def82a"
    },
    {
      "path": "commands/ONBOARD.md",
      "sha256": "e44414a7b02903eb5fe0c0c188ebcd0b6cd88c1fb790ae90526a331d4521a3a2"
    },
    {
      "path": "commands/POSTURE.md",
      "sha256": "e1ce06d02e85ce914f04301c04261c4808bcdb8ac7d7310ed2c0b331622482f2"
    },
    {
      "path": "commands/REDTEAM.md",
      "sha256": "de7ad0e5bfbd62e0587343e8fd8cfc0119d88b366dbe30683c6f88ddcadc9e7e"
    },
    {
      "path": "commands/RELEASE-CLAIM.md",
      "sha256": "1233ef4ea7e2d26f27a8fdd5aa6f0f66fc22c39d8f5f2348759c7e9c99c034b3"
    },
    {
      "path": "commands/RELEASE.md",
      "sha256": "c2b36e71ff2b1242a610466218d502525beb0f6658981f24a8fdf8e9abed5f3f"
    },
    {
      "path": "commands/SDK.md",
      "sha256": "9c2be86bf4bf8946efadb6016f75595b431677b80ba072e9c57b7032b1506097"
    },
    {
      "path": "commands/START.md",
      "sha256": "c8dbf33cc8034c2ee1b55a8d180f591373f453a707b032d899c8e40dbcbcab08"
    },
    {
      "path": "commands/SWEEP.md",
      "sha256": "4f6630f0b1ad2594d22e6aa77b033ba8dfa9ef639e72ea308c735b06a2ab459e"
    },
    {
      "path": "commands/SYNC-FROM-DOWNSTREAM.md",
      "sha256": "a9ffbd0d46dece01ff74b825372f764ba28ffe2df2957fd863276f86408e115f"
    },
    {
      "path": "commands/SYNC-FROM-TEMPLATE.md",
      "sha256": "833d06730b2e18cd3ac0090b21a5007a0aed3fc5ea7e4b397b7d9629852dff7d"
    },
    {
      "path": "commands/TEST.md",
      "sha256": "ca03adee1d913a892517d2c954a3848dcf83c2977ced252f97851335d9d81b40"
    },
    {
      "path": "commands/TODOS.md",
      "sha256": "f039d745446e5e08a08dbafe411b2b4c9396419c3bfa237c03b19074a7cf0d2b"
    },
    {
      "path": "commands/VALIDATE.md",
      "sha256": "314c0f98d462503b6e8bbc693b8608bbf4820c97b2ad3815c7ab7e210c1947a4"
    },
    {
      "path": "commands/WHOAMI.md",
      "sha256": "c65b1f923ab081373fca6541d631ed9ea6ec070cf8b6c4d6166ceb25e2a7b1b2"
    },
    {
      "path": "commands/WRAPUP.md",
      "sha256": "29da07673844550489fd357046d83e15acdccf1503f7e378fad82b16411507c1"
    },
    {
      "path": "commands/WS.md",
      "sha256": "9966f6bf2076385342058fd30fe9135274229549420799b19a59ade2bb09b111"
    },
    {
      "path": "rules/AGENT-REASONING.md",
      "sha256": "31ce73dd2521805af51b21c2521171a1cc439f4c55994166bc5390a939117ab3"
    },
    {
      "path": "rules/AGENTS.md",
      "sha256": "c2016ecff1e6fa7c601a67de2bf533efc1b11eab26d2e96e7f7ce8964d904627"
    },
    {
      "path": "rules/ANALYZE-OUTPUT-COMPLETENESS.md",
      "sha256": "c75df55d795b55b3da7ee58ef50e4aa8724dff890711e4238a2dcfaae8ef01ec"
    },
    {
      "path": "rules/ARTIFACT-FLOW.md",
      "sha256": "c7be2bbb081051a339e4f80a1300492a6ecbac11e3e6e1e459125467801ae6a1"
    },
    {
      "path": "rules/AUTONOMOUS-EXECUTION.md",
      "sha256": "7c33b1eb6ec438c505bd6c2cf057fe9ba9860e0eb2b25732763b26fbfa2dacbf"
    },
    {
      "path": "rules/BUILD-REPO-RELEASE-DISCIPLINE.md",
      "sha256": "0c8b5226eef6acac31b741173debdb4634632975cc251e45b6a9f89b478c4f74"
    },
    {
      "path": "rules/CC-ARTIFACTS.md",
      "sha256": "a198ec1b13d9b6da0f25dbb71e32a0799604e28420812ad09e5797d090836c8d"
    },
    {
      "path": "rules/CI-RUNNERS.md",
      "sha256": "b6277402d40c9d37ad5f0c9b6260935f41fe4176fdc0b65c1cc7df558aaff124"
    },
    {
      "path": "rules/COC-SYNC-LANDING.md",
      "sha256": "5e2b063786e963e7d7b310b3447cca9b19c8ee283d30fb29e2b2721b4b8f32ff"
    },
    {
      "path": "rules/COMMUNICATION.md",
      "sha256": "be0dd3836238fc1fac938714ce364d89379491ece42364dfcfc05f28337534e3"
    },
    {
      "path": "rules/CONNECTION-POOL.md",
      "sha256": "925b89991ab8cb8eb8cd9c64fa4e2015d21631a3623d58fb758135d416390791"
    },
    {
      "path": "rules/CROSS-CLI-ARTIFACT-HYGIENE.md",
      "sha256": "be8512c087693a05873ef634bb87fae8ef4005a74b15c22960c7a4645f4f8198"
    },
    {
      "path": "rules/CROSS-CLI-PARITY.md",
      "sha256": "0c3f6e371bc3ec7786d8758302d2d9a6ac16adb8e1c13304e1cc47097293a8b6"
    },
    {
      "path": "rules/CROSS-SDK-INSPECTION.md",
      "sha256": "068875fd3ccc2f6484e2c1711e4ee54448841d36ca3398fc838a579c3180a506"
    },
    {
      "path": "rules/DATAFLOW-CLASSIFICATION.md",
      "sha256": "3ec6f9938d050fd774fa51f9eec80955b55d2df819fb580704a6e946813a1e80"
    },
    {
      "path": "rules/DATAFLOW-IDENTIFIER-SAFETY.md",
      "sha256": "e7e26f5c62512c59b37c4927a97a2bdc5a213c60c37987034208a5df55ca46f6"
    },
    {
      "path": "rules/DATAFLOW-POOL.md",
      "sha256": "9a208b9d57024b84a35f9c10cb6dd3128cc709bb7378c488a0194d795338c5cd"
    },
    {
      "path": "rules/DEPENDENCIES.md",
      "sha256": "021549422432284a62b75e7172eb4cf0140d4fb5908d8741775ccc2b6459d007"
    },
    {
      "path": "rules/DEPLOY-HYGIENE.md",
      "sha256": "f26bdd8391d9c5f14858d17160f22ba61ddd667454eff852df693880e3a6fd88"
    },
    {
      "path": "rules/DEPLOYMENT.md",
      "sha256": "c2b9f71a76c176391933c1812d85d40e65fd3c7fc47125fc50bcc80d17fadfa2"
    },
    {
      "path": "rules/DOCUMENTATION.md",
      "sha256": "fa67f115d992e73aa362ff7204167c1702a408bbcf9c906ca8715a7c9f0a70b1"
    },
    {
      "path": "rules/E2E-GOD-MODE.md",
      "sha256": "59a1b2ee17ef6483e3faa987b944fe7ac54c4aa1cf15ba75bb5f43f2c082566d"
    },
    {
      "path": "rules/EATP.md",
      "sha256": "703233e4ac70d07c50452bede4fc8aedf2ff5f71059c5a86103639b1ccc1310e"
    },
    {
      "path": "rules/ENROLLMENT-OPERATIONS.md",
      "sha256": "0f04ce078e8dcdcbcb2867ae35d767ddba96a54eb93f68641d53cc19fe50859c"
    },
    {
      "path": "rules/ENV-MODELS.md",
      "sha256": "ccf8dd7117ceec5def233a171dc4b5e0e2665b58535be7704e13d56517273ad5"
    },
    {
      "path": "rules/EVENT-PAYLOAD-CLASSIFICATION.md",
      "sha256": "7c1b6430a1634db5e5248e7d074fbca9f78eb6b70d49f092b87f15d3e194339a"
    },
    {
      "path": "rules/EVIDENCE-FIRST-CLAIMS.md",
      "sha256": "18f76da00ecebf77d850bbf6ef46c41db9dfc4a0d8397ed9cfb5d848fd653996"
    },
    {
      "path": "rules/FACADE-MANAGER-DETECTION.md",
      "sha256": "25de32fad56cc4191db749964ad9221d16cf5592721ae007e2db680d3245a8f9"
    },
    {
      "path": "rules/FRAMEWORK-FIRST.md",
      "sha256": "84f96ce3c16745c7128924f957cc6faa3ab3497d303d75eb799dd5c16da23063"
    },
    {
      "path": "rules/GIT.md",
      "sha256": "4666306cd5e102f23b6c0bab87d55f820dc40f712f8bf274415386e502decbbf"
    },
    {
      "path": "rules/GOVERNED-THROUGHPUT.md",
      "sha256": "328bec3dd52d30a8d8919775237dbc4eb2d79b9e8a1ea36eea493ff3bbfec919"
    },
    {
      "path": "rules/HOOK-OUTPUT-DISCIPLINE.md",
      "sha256": "2842f336a36e1be90a0bb661136802ec4d2a8e0d1b6c8f8a67044ac3b8cc2133"
    },
    {
      "path": "rules/INFRASTRUCTURE-SQL.md",
      "sha256": "4da556bbcb191c9b453bd257a4da3f72c84494e12e2c334f665cde983d878be7"
    },
    {
      "path": "rules/JOURNAL-AUTHOR-DISCIPLINE.md",
      "sha256": "55186818bddca6abe9d966910338e49860bd378f3f71742fd71dcd32691d0809"
    },
    {
      "path": "rules/JOURNAL.md",
      "sha256": "0e5fab4e11f3cf9ecf563b5753b75649630cb92bec3827d23e322541efddb7dc"
    },
    {
      "path": "rules/KNOWLEDGE-CONVERGENCE.md",
      "sha256": "bddfb8ecc9aa34a5f52076d9d1c03ba3046ac0072d9308a0436858f7428c7615"
    },
    {
      "path": "rules/MULTI-OPERATOR-COORDINATION.md",
      "sha256": "02dd9c17e949b0394e15c0c48067a4232ce728e8e50d4665d4ab5b014e2716c9"
    },
    {
      "path": "rules/NEXUS-HTTP-STATUS-CONVENTION.md",
      "sha256": "96c4f839e380e2e7b9dbce0d6c0b91207f5c83de196e7d4c017b2941318bf4ec"
    },
    {
      "path": "rules/NEXUS-WEBHOOK-HMAC.md",
      "sha256": "52382243734c57ac09bfc400c53fe9bda958fe3a6153e5ca2d2ab2aa648b13ed"
    },
    {
      "path": "rules/OBSERVABILITY.md",
      "sha256": "4e41e439849ef9a9c05d2ab88aef84fd4be6f06b37a51afad5ae5bb5457f32f3"
    },
    {
      "path": "rules/ORPHAN-DETECTION.md",
      "sha256": "8258a49d377eea9192663c2dd30876d7d7270a094b711ad3242669601118164a"
    },
    {
      "path": "rules/PACT-GOVERNANCE.md",
      "sha256": "760c7ae95fcdd2d4bcf21a1bd30c7c4820466076cee0ade5296b45069ee7a377"
    },
    {
      "path": "rules/PATTERNS.md",
      "sha256": "1c23ba6a5ac7e957f3ef28525f4b6747cc1ff6f4cbfd385b7b9ec275d04d8113"
    },
    {
      "path": "rules/PROBE-DRIVEN-VERIFICATION.md",
      "sha256": "bbb450becb57489b302420260a7a52195b27894b4ab4f91c5ed2b600d0ef3ff2"
    },
    {
      "path": "rules/PROPOSAL-INTAKE-TRUST.md",
      "sha256": "7779c1335ee80bf3f178ee1f0305929725f8a0967ea8d88d92a8a5401caa68a0"
    },
    {
      "path": "rules/PYTHON-ENVIRONMENT.md",
      "sha256": "b46c07c519b3de19be742899a529177e6b4c29ae1101c1b644e2868c4876749f"
    },
    {
      "path": "rules/RECOMMENDATION-QUALITY.md",
      "sha256": "ae4b0cb53b6a08146252204503a4161abef656de4715362ea39b70cb7d208cee"
    },
    {
      "path": "rules/REFACTOR-INVARIANTS.md",
      "sha256": "af319026dd51d690d225f823323e51ef1c0e2eeaf2f3668fecc5363ed710bf01"
    },
    {
      "path": "rules/REPO-SCOPE-DISCIPLINE.md",
      "sha256": "8e8f95c4bcdb8f021586fdf67205a38a3e2c25050865aaf5d1d22aa4bfb08a4b"
    },
    {
      "path": "rules/RULE-AUTHORING.md",
      "sha256": "c0f76216d4c19e8ae251ade595fa2adfaa88526c36f326ea0979839d442122b8"
    },
    {
      "path": "rules/SCHEMA-MIGRATION.md",
      "sha256": "2360fcf5bea5e96b917ee2ea9f4f7573d210caa39470a4ffd397382f6825ecda"
    },
    {
      "path": "rules/SECURITY.md",
      "sha256": "763e5825e28e2fa97177777f90e6b1fe5606db94acfd9d13e72f8d302e40343b"
    },
    {
      "path": "rules/SELF-REFERENTIAL-CODIFY.md",
      "sha256": "bdf93fe51987e5f8f9876e0ae8a324e563f99bf229fcb2fd9b00e6e1d1dc17fc"
    },
    {
      "path": "rules/SPEC-ACCURACY.md",
      "sha256": "30ab5e2f5346d81cc9f058829d7471b009741610c21a278e042d2e00ddee3359"
    },
    {
      "path": "rules/SPECS-AUTHORITY.md",
      "sha256": "964d30523e4aaf01efa703cf3d1f1f6915b3583bb667f9a5e153e53dc67d0c5d"
    },
    {
      "path": "rules/STATE-FILE-WRITE-GUARD.md",
      "sha256": "e3348c59c38f92c65c41b3544bf0af4c123cd7aec018342b8a0bac67f30fc4b9"
    },
    {
      "path": "rules/SWEEP-COMPLETENESS.md",
      "sha256": "b66fb7d5b5971c6b4e84037a38975f431081154db42caafc29be399edb42ff62"
    },
    {
      "path": "rules/SYMBOL-ANCHORED-CITATIONS.md",
      "sha256": "5f3064d02bffae966f354a4995da6f2bce0b580bad6c474e2938c9c831e097dd"
    },
    {
      "path": "rules/SYNC-COMPLETENESS.md",
      "sha256": "c02c0e0de40fbc239d5945e59b4c834a6996872922aaaaa659000da10a09d0f5"
    },
    {
      "path": "rules/TENANT-ISOLATION.md",
      "sha256": "0ab94f258776f8053275599d5ee750af2b41fba3ea1e07ec848e6e3cde465523"
    },
    {
      "path": "rules/TESTING.md",
      "sha256": "346f14e11bfb03b5f15a24b479de0f2e0f8419011b4e89fe456f5b0a66d0be0f"
    },
    {
      "path": "rules/TIME-PRESSURE-DISCIPLINE.md",
      "sha256": "e361ecd3160bc3dc43f8a33a35a3bc94ff0fa3781650a31ff52831a06e67068b"
    },
    {
      "path": "rules/TRUST-PLANE-SECURITY.md",
      "sha256": "984d0ac1c7857766bdfc3d2246b5485a5834cc4ab3807d8bab608193cebe02af"
    },
    {
      "path": "rules/TRUST-POSTURE.md",
      "sha256": "f12d37dab1c2c213877c13be231b27e7001368494741f6bbe7b27adadba27c90"
    },
    {
      "path": "rules/UI-BACKEND-DEFENSE.md",
      "sha256": "86b7a0ed8bf183e2ce08e3f0e9d94c5921ed7a64327b4bfda7de538e69692997"
    },
    {
      "path": "rules/UPSTREAM-ISSUE-HYGIENE.md",
      "sha256": "d6de7dace339c38010d26dde3eaa442b4305f621f45f382f5071ed9b8d5cc5f7"
    },
    {
      "path": "rules/USER-FLOW-VALIDATION.md",
      "sha256": "e822f6d1137099302c2c346ece5b2fb5859082b951eb719b9e7a13ac69e2bd0d"
    },
    {
      "path": "rules/VALUE-PRIORITIZATION.md",
      "sha256": "860d1f52ae8c639008fd3d8e7283ef4b98989e91d9250a22becaafa8d64512d8"
    },
    {
      "path": "rules/VARIANT-AUTHORING.md",
      "sha256": "47e61f04873a5da3aad77789ab72bb53eb84e4967d0d5d9a66f5d049cf8f87f6"
    },
    {
      "path": "rules/VERIFY-CLAIMS-BEFORE-WRITE.md",
      "sha256": "6da21e8baa0041dc1727bf8ca6237a80ed7fbfd90140facd8e8cd5ebd9d4ba77"
    },
    {
      "path": "rules/VERIFY-RESOURCE-EXISTENCE.md",
      "sha256": "cc389a63553f46eabeab00cef54a27f784e073a30fb9356b47ee2bc2500c952c"
    },
    {
      "path": "rules/WAVE-LOOP.md",
      "sha256": "c9e8e0b7fbaf0e73e6f1ecf10949099f972e9add365e1f60f58906183d6bad23"
    },
    {
      "path": "rules/WORKTREE-ISOLATION.md",
      "sha256": "aa563f64102bd96d6db46cb460b861e9d764b7f34ec30565da87253bef175498"
    },
    {
      "path": "rules/ZERO-TOLERANCE.md",
      "sha256": "c7b2cd68b1631e054f6ae0ac92723fae481d675da079bc9a9182b1f9ff12ee26"
    },
    {
      "path": "skills/CO-REFERENCE.md",
      "sha256": "af88ceaa28db419d744dac8e0088ea7db1e4b7a76dc5333e7b3153c33966fc21"
    },
    {
      "path": "skills/COMMAND-AUTHORING.md",
      "sha256": "e30fbb030d47a8e5eb8ff9e7a739045c4189016c298e797b0b81c805089f7a6b"
    },
    {
      "path": "skills/FRAMEWORK-FIRST.md",
      "sha256": "78ed8bc73da85f020faf3049f49a7b470784ec5e161e131c923f7adf62bbd9c0"
    },
    {
      "path": "skills/HOOK-AUTHORING.md",
      "sha256": "f95e3ef82a811e68c507e9efcec9cb08b5c8841714eadd1f1febbafaee33279c"
    },
    {
      "path": "skills/PROJECT.md",
      "sha256": "e2e2b68fcf90fb8d0cd0ae5a46c02377089d164bf14b72c4e3591a19fbf8822c"
    },
    {
      "path": "skills/S01-CORE-SDK.md",
      "sha256": "89a22301d77b662dea61bb56bfa5d301b4a13e787602dda01992d7a315fd268c"
    },
    {
      "path": "skills/S02-DATAFLOW.md",
      "sha256": "579e503f1e46bb4f70a284397eeaad596f27fb48bb5034f2ae57d4d619396a64"
    },
    {
      "path": "skills/S03-NEXUS.md",
      "sha256": "1a120bde512d02e4c94fb9e40a800746facf5a4969b1f8599808afe263219390"
    },
    {
      "path": "skills/S04-KAIZEN.md",
      "sha256": "b724645de8d2ce209a7968b8cbaa5f39f3f94b987924c8926c2b7965bc8054e2"
    },
    {
      "path": "skills/S05-KAILASH-MCP.md",
      "sha256": "a0e556c71ced5dfe5e214616ce92e975c44af8a701466dc60e80adf7558646bc"
    },
    {
      "path": "skills/S06-CHEATSHEETS.md",
      "sha256": "f94a6985d0698e88f712e51e7645162f141ddbe2717a17f27723ef411a89b0bf"
    },
    {
      "path": "skills/S08-NODES-REFERENCE.md",
      "sha256": "c18d17cb0509f7e9ec73d6d027316cc151310edce7f0dd262bd593101ffd4da8"
    },
    {
      "path": "skills/S10-DEPLOYMENT-GIT.md",
      "sha256": "e34b6884a44d90d249de36b80598d1b64e378cbae6ce6860e24af38cabebc91a"
    },
    {
      "path": "skills/S12-TESTING-STRATEGIES.md",
      "sha256": "77b63e559387c9afc4964b403bc4fd8703fc70a6647e6779a8b97c1cc23078f9"
    },
    {
      "path": "skills/S15-ENTERPRISE-INFRASTRUCTURE.md",
      "sha256": "0c5d05b8bf17070c9e6ed186a9a8380ef96cb82d2678c6aa7199f97cfcc50569"
    },
    {
      "path": "skills/S16-VALIDATION-PATTERNS.md",
      "sha256": "d578a67811348836053a92419c4b7a8d7e281f6a9f641fcd4fcee41e2c7b3600"
    },
    {
      "path": "skills/S17-GOLD-STANDARDS.md",
      "sha256": "0e26046656f68bfb646acd8c1e6cb93e7bc995879cc46644be7e7a982f9d9b4e"
    },
    {
      "path": "skills/S18-SECURITY-PATTERNS.md",
      "sha256": "91d9435b8313a18072cddd2d9098dd76e172f0dea8fb97b48482421d07c815f2"
    },
    {
      "path": "skills/S23-UIUX-DESIGN-PRINCIPLES.md",
      "sha256": "d55a2c15fd89f8bea56f3c74cf0ed38ba4e3e913be16cfe34648e9b714a8d602"
    },
    {
      "path": "skills/S25-AI-INTERACTION-PATTERNS.md",
      "sha256": "26e68451310138f0143d7cb9e681b75db1c54ed10f89e821620fb9a0bb15e21a"
    },
    {
      "path": "skills/S26-EATP-REFERENCE.md",
      "sha256": "cd8b98fd954ab0e52cb477253860b1d1277ffbdfb41e84360fa8ec6a39626702"
    },
    {
      "path": "skills/S29-PACT.md",
      "sha256": "9dd37c7ede94c6fcb3433eaf7e21b66fdcea4cde6fd2055d305f118c62aa064c"
    },
    {
      "path": "skills/S30-CLAUDE-CODE-PATTERNS.md",
      "sha256": "31aacd55e9428ec4d7d47d57c5d3bd681ae9a480c69141b16ed6fa9f398b3aca"
    },
    {
      "path": "skills/S31-ERROR-TROUBLESHOOTING.md",
      "sha256": "ddb5526baa918346b266cc72fbd87031c6de800d63621159cf3821233e3f707d"
    },
    {
      "path": "skills/S32-TRUST-POSTURE.md",
      "sha256": "f6215069e5bc8a82885cbba6356e4b8b4b5fc473c516bd6a18834e4ff3057595"
    },
    {
      "path": "skills/S34-KAILASH-ML.md",
      "sha256": "20caabf3f7d9dda1891bc6e0fe19baacdc97b4ad055ba53ff1cc804e78666d45"
    },
    {
      "path": "skills/S35-KAILASH-ALIGN.md",
      "sha256": "78d4ebd6c877cdcd5ef2a69b7397f18014b22c3f22a52f0568f0d2b49755e557"
    },
    {
      "path": "skills/S36-CLAUDE-MANAGED-AGENTS.md",
      "sha256": "9e3784fb139973587ba7ab4e6f43be8072844a16b9e3f948574456f66709863a"
    },
    {
      "path": "skills/S41-ONBOARD.md",
      "sha256": "c7ca8e9aee074ad37585281dbeacf8486e8c9b574f987d08994fb44287ef3430"
    },
    {
      "path": "skills/S42-CERTIFY.md",
      "sha256": "d334cbef40846823c0ad77ec25f388fd919173928a6866deec937e05130177a7"
    },
    {
      "path": "skills/S43-ECOSYSTEM-INIT.md",
      "sha256": "42da601bfb090bbfdc524c044a7b92c32ef4fc7d966a00bc064e69c3f0a096c9"
    },
    {
      "path": "skills/S44-ENROLL.md",
      "sha256": "cda6ebd0b539ade1847c0c165f46ea5c16c8f431938369d3c15167e1ac24be3a"
    },
    {
      "path": "skills/S45-GENESIS-BOOTSTRAP.md",
      "sha256": "2f0e232aae8278d93127a6031bd1f5338b95cee98a2938b66fc9deb883f1b6c6"
    },
    {
      "path": "skills/SKILL-AUTHORING.md",
      "sha256": "5c98c7800c29f0afc88d421ddd49e09109be4b4c46641cfec0179be8912425d1"
    },
    {
      "path": "skills/SPEC-COMPLIANCE.md",
      "sha256": "b2d6072833713160ce1f8775af53f3a191d12f61ef4f2f0bb2207d3075458c65"
    },
    {
      "path": "skills/TEST-SKIP-DISCIPLINE.md",
      "sha256": "c4c368a2a8ea2a40bbe09ef04699b35318e3afc83c3d64b4760cdbd7b57871b1"
    }
  ]
}