{
  "schema_version": 1,
  "files": [
    {
      "path": "COC.md",
      "sha256": "53f9600df60e2ba7169027f6bcd2b57cce1fe7c14d729af5a4b02aca0d17735b"
    },
    {
      "path": "agents/ALIGN-SPECIALIST.md",
      "sha256": "9e744418bb1cea6f96ee1664d855ad6aac1619105953fdf2fc298e290a636959"
    },
    {
      "path": "agents/ANALYST.md",
      "sha256": "f3d735b3b39fd21e9ee3f161c72ae33eccaca249f001e6f4395e0be8a2f3f504"
    },
    {
      "path": "agents/BUILD-FIX.md",
      "sha256": "13b6bbf6d676a254995e7a619c62435f16273d3d18a9df3fb24b46c7064bd7fc"
    },
    {
      "path": "agents/CC-ARCHITECT.md",
      "sha256": "45e9f508ef8aea42afe2f64bb26b0feaf0523f37bf323a72c46b0224ac819e74"
    },
    {
      "path": "agents/CLI-ORCHESTRATOR.md",
      "sha256": "ec78c0cdb1046e4d3634fbebcb49de9911f5b89dc3699014b96bb1722a0d001c"
    },
    {
      "path": "agents/CODEX-ARCHITECT.md",
      "sha256": "7164de7f5952032eb041759a647c52ac20a2c6b2b2e1efe39512f410ba45e867"
    },
    {
      "path": "agents/DATAFLOW-SPECIALIST.md",
      "sha256": "40c0acff5ce6e69812140914765c8c2697cf05383e92711a6110d02479280efb"
    },
    {
      "path": "agents/FLUTTER-SPECIALIST.md",
      "sha256": "fc0d27aceeb8acc6b42142e1377f7456761cf1d3e444f6486a2376b728d8561f"
    },
    {
      "path": "agents/GEMINI-ARCHITECT.md",
      "sha256": "048d7095115e72d2ed6b61f0a286e32941d54de2a95a1b72944616e7d4364230"
    },
    {
      "path": "agents/GOLD-STANDARDS-VALIDATOR.md",
      "sha256": "b9e87cf3ac641da17208d02904728a9354d7616cf6c8d6ce70b87c7e1fb0315a"
    },
    {
      "path": "agents/KAIZEN-SPECIALIST.md",
      "sha256": "74fc59338c9f3e757cb0e2a01246813cdb5d8742faa7e67bfbedc51bd0c7bf2f"
    },
    {
      "path": "agents/MCP-PLATFORM-SPECIALIST.md",
      "sha256": "08bbe1e291813d83e5c0e6a14b77cf4a16b97cb99e867d0131a9234e15e929de"
    },
    {
      "path": "agents/MCP-SPECIALIST.md",
      "sha256": "1eb4381679e12f356980ec4981e0208c7621c5a62b77519ab6d2a8fd0334951d"
    },
    {
      "path": "agents/ML-SPECIALIST.md",
      "sha256": "75e8e8b07420bd501dd7432268f5e871d97805036fa1fabfa3dd1ce6660091f3"
    },
    {
      "path": "agents/NEXUS-SPECIALIST.md",
      "sha256": "182cca772ba271cd876461fdd47cec7a4f1a7d73a04cf9ef1cc9070f2b23eb80"
    },
    {
      "path": "agents/PACT-SPECIALIST.md",
      "sha256": "3379966c903d1c8fc0c7b80adbb215830597fce000d3702483e9c4fa581d10ce"
    },
    {
      "path": "agents/PATTERN-EXPERT.md",
      "sha256": "100d0d4adecb5c944552d01ae96289b006c283ab323c30c907d58bd55b388e82"
    },
    {
      "path": "agents/REACT-SPECIALIST.md",
      "sha256": "b7a3c54b2d192d8adb9f74785544ac828a1ca690abf0f95e324bf89e02a6b939"
    },
    {
      "path": "agents/RELEASE-SPECIALIST.md",
      "sha256": "02bda15d6a284d613ac0e9b4285156d87cf200aaef4855a4aca9c5cadea0842d"
    },
    {
      "path": "agents/REVIEWER.md",
      "sha256": "f89ba644c831900054bee6d091b12618c3b2d4fe4febfc15649481cd461ca4c0"
    },
    {
      "path": "agents/SECURITY-REVIEWER.md",
      "sha256": "9ce4ff6eb3f29b2b0788cc9b7795f2c451891e693a47eece50f0a54a96d5f3f6"
    },
    {
      "path": "agents/TDD-IMPLEMENTER.md",
      "sha256": "80f5a5c7c6ed487c50d748eb588a9d6a5e2b687d79ee6e316501383faf21a6d4"
    },
    {
      "path": "agents/TESTING-SPECIALIST.md",
      "sha256": "0097faffce11d1ba1a4b2543605f7c10fc1e792f98e37efc07d112aecc4ac44f"
    },
    {
      "path": "agents/UIUX-DESIGNER.md",
      "sha256": "799fe4b665373feab80a31376ca8a88965949ae883a27053ead3ebb7c5d55358"
    },
    {
      "path": "agents/VALUE-AUDITOR.md",
      "sha256": "c311e7494a8b5d7539d729ea7d182badae7b6bd318cd2df87118b9329c1bea9f"
    },
    {
      "path": "commands/AI.md",
      "sha256": "85895d12fb49fb95bc1a1d8aeb92636d6a47087a0dca70f1fb8bcab4f3623d9c"
    },
    {
      "path": "commands/ANALYZE.md",
      "sha256": "afbe899cbf96fa9f506c62972e3eff718064b374b01bc7640f22f0a9dd571ff8"
    },
    {
      "path": "commands/API.md",
      "sha256": "1fac9ef2f6159bf99892acbafcef9a94d7f606189aef147c2729d32fcb4e4744"
    },
    {
      "path": "commands/AUTONOMIZE.md",
      "sha256": "2c7ea7f7f677806ace407f252c15340774fc5af196a125754dad89e84432387f"
    },
    {
      "path": "commands/CC-AUDIT.md",
      "sha256": "9c47ad89f949cd2286746bd63e1fc5298c83a8d2486dfed1a75b97eced9cdc4a"
    },
    {
      "path": "commands/CERTIFY.md",
      "sha256": "2f6c1efa7b7b37d9a5fe8d546da56e97d3329314b82269abae0143ac9a1d3927"
    },
    {
      "path": "commands/CLAIM.md",
      "sha256": "4228cad944c915022a65656cd12e85f4138401f83f71ef95d7c2ba0acc3aaa47"
    },
    {
      "path": "commands/CLAIMS.md",
      "sha256": "9346b4a4e5312fd5e9b1e1f1aa7d2d3b60cc71ba6afcf987abfeb1720cd635bc"
    },
    {
      "path": "commands/CLI-AUDIT.md",
      "sha256": "5f017c54bfaf3d539817094fe1140d9d551df2cc6c5815966e15b42da8c7bd29"
    },
    {
      "path": "commands/CODIFY.md",
      "sha256": "b93bd66c2dd8e960f056e4505529371786111febbea4210e84e97a5df22829cd"
    },
    {
      "path": "commands/DB.md",
      "sha256": "5a598545470d10f5cea4ed928086a128be430e060419906596352011102e2577"
    },
    {
      "path": "commands/DEPLOY.md",
      "sha256": "e7301eff25b855ec7db7b33ae8154d5c58c20d7fa9bc3feb3d9239dd8a2fb57e"
    },
    {
      "path": "commands/DESIGN.md",
      "sha256": "c00a28eade81d9aefd6792f6c0f92773eafc3e94a0818d14e7a5b194ca8774c3"
    },
    {
      "path": "commands/ECOSYSTEM-INIT.md",
      "sha256": "3d3cf489c827c35d2d90c9dc22a08c8958c828a7721e3bb9a777fc0f91910f8a"
    },
    {
      "path": "commands/ENROLL.md",
      "sha256": "e234d51b65e67db08791489f9cf80405f645d532cead1ef0cbc5481bd8613b33"
    },
    {
      "path": "commands/I-AUDIT.md",
      "sha256": "aa7ea265de3b94218d8597fe6499add95967f86dd33d12bbbeaaa71f10836c67"
    },
    {
      "path": "commands/I-HARDEN.md",
      "sha256": "a1bd097b302714b7832cfc10c741dc774768de16ba1f41209f7943eb226251ab"
    },
    {
      "path": "commands/I-POLISH.md",
      "sha256": "09309a7cd75093b81758c1cf4a059fc92ba715e315559009b3662c3fa390f106"
    },
    {
      "path": "commands/IMPLEMENT.md",
      "sha256": "2ec9a67396901634426a5580f7d3471f74d411218fe9f9eda0dd7722ac83ddd6"
    },
    {
      "path": "commands/JOURNAL.md",
      "sha256": "58f3519a82ef684eee4cede6f4d3c6645483f33da58023415dcb13fbf033f9ee"
    },
    {
      "path": "commands/LEARN.md",
      "sha256": "1ca162d0dab680202f2499ebe0a7f7520be0f2ec5f9f004e0567f576c4ac82c6"
    },
    {
      "path": "commands/MIGRATE.md",
      "sha256": "0c071c73b0005ef6e39a5c56f2f53842832da4329e7a2bcca65c3e552eabf355"
    },
    {
      "path": "commands/ONBOARD.md",
      "sha256": "427d7a2f027e27ad6d902fae08c93fa2a16cfcb18e8a3e9e199d90065ea6df40"
    },
    {
      "path": "commands/POSTURE.md",
      "sha256": "e1ce06d02e85ce914f04301c04261c4808bcdb8ac7d7310ed2c0b331622482f2"
    },
    {
      "path": "commands/REDTEAM.md",
      "sha256": "de7ad0e5bfbd62e0587343e8fd8cfc0119d88b366dbe30683c6f88ddcadc9e7e"
    },
    {
      "path": "commands/RELEASE-CLAIM.md",
      "sha256": "1233ef4ea7e2d26f27a8fdd5aa6f0f66fc22c39d8f5f2348759c7e9c99c034b3"
    },
    {
      "path": "commands/RELEASE.md",
      "sha256": "c2b36e71ff2b1242a610466218d502525beb0f6658981f24a8fdf8e9abed5f3f"
    },
    {
      "path": "commands/SDK.md",
      "sha256": "9c2be86bf4bf8946efadb6016f75595b431677b80ba072e9c57b7032b1506097"
    },
    {
      "path": "commands/START.md",
      "sha256": "c8dbf33cc8034c2ee1b55a8d180f591373f453a707b032d899c8e40dbcbcab08"
    },
    {
      "path": "commands/SWEEP.md",
      "sha256": "08dfc50498cd23af070d5abe32e4a967f6f236b1f74a87a16491a91be5cb3bcc"
    },
    {
      "path": "commands/SYNC-FROM-BUILD.md",
      "sha256": "4bd17bbf42b36b9fc40c84dbfa8996e82bff797b09432358dc215a5dbfb01d51"
    },
    {
      "path": "commands/SYNC-FROM-DOWNSTREAM.md",
      "sha256": "c77b717f7378a3195a58f269f70647347b3898f7ffd68e7d59bffb700d499234"
    },
    {
      "path": "commands/SYNC-FROM-TEMPLATE.md",
      "sha256": "25200435b4fc035706c80fb33a4bb8f94920f241c0fab71519252a8eebc293f5"
    },
    {
      "path": "commands/SYNC-FROM-USE.md",
      "sha256": "1386807135021780e1e4b24ef95c509726def2a7e847476c70e3748f75e65e2b"
    },
    {
      "path": "commands/SYNC.md",
      "sha256": "8ae2ddeacc9a0e864e0c406c59afef9efa7d5ae313ca908765d2073f48ec5ab5"
    },
    {
      "path": "commands/TEST.md",
      "sha256": "ca03adee1d913a892517d2c954a3848dcf83c2977ced252f97851335d9d81b40"
    },
    {
      "path": "commands/TODOS.md",
      "sha256": "f039d745446e5e08a08dbafe411b2b4c9396419c3bfa237c03b19074a7cf0d2b"
    },
    {
      "path": "commands/VALIDATE.md",
      "sha256": "314c0f98d462503b6e8bbc693b8608bbf4820c97b2ad3815c7ab7e210c1947a4"
    },
    {
      "path": "commands/WHOAMI.md",
      "sha256": "9e027f03c2efd8bd4cf6d3402e6fe9ae3e1c3bc2b0372ba457308c3c3df72f94"
    },
    {
      "path": "commands/WRAPUP.md",
      "sha256": "b22a7cc237ff1225cb74b5cb45110957fce85ba34925b7c9a58481666feb0fe5"
    },
    {
      "path": "commands/WS.md",
      "sha256": "19b26465037bcad9c1b0e64c19130e5069c47069e083d98c90c49131ca535056"
    },
    {
      "path": "rules/AGENT-REASONING.md",
      "sha256": "31ce73dd2521805af51b21c2521171a1cc439f4c55994166bc5390a939117ab3"
    },
    {
      "path": "rules/AGENTS.md",
      "sha256": "c2016ecff1e6fa7c601a67de2bf533efc1b11eab26d2e96e7f7ce8964d904627"
    },
    {
      "path": "rules/ARTIFACT-FLOW.md",
      "sha256": "17a65847b7fe91aaa8d460d546651129c4dc5a75efb3e1664cdc836aa7e98692"
    },
    {
      "path": "rules/AUTONOMOUS-EXECUTION.md",
      "sha256": "c056df28c96c8f7d7cb0d41d3a484472fee38ed0fb29e9c592c770fd11fa8c75"
    },
    {
      "path": "rules/BUILD-REPO-RELEASE-DISCIPLINE.md",
      "sha256": "0c8b5226eef6acac31b741173debdb4634632975cc251e45b6a9f89b478c4f74"
    },
    {
      "path": "rules/CC-ARTIFACTS.md",
      "sha256": "db372af9c600814f1616c5e0c26ad0eb61e72244e944994024e723fbcda424ca"
    },
    {
      "path": "rules/CI-RUNNERS.md",
      "sha256": "2dbd1844d8741625b88a47f97762d84f0b2abce00bbda16e63cd646f8565e0c2"
    },
    {
      "path": "rules/COC-SYNC-LANDING.md",
      "sha256": "5fe3a061995b7b47d038c3b441d90791f038bc0c2b24832bfff25b6ddce3f175"
    },
    {
      "path": "rules/COMMUNICATION.md",
      "sha256": "ebf94f59e397a9dc7118ca0d911ce9bca04cf6e2b0c99360c3c31999633cad6f"
    },
    {
      "path": "rules/CONNECTION-POOL.md",
      "sha256": "925b89991ab8cb8eb8cd9c64fa4e2015d21631a3623d58fb758135d416390791"
    },
    {
      "path": "rules/CROSS-CLI-ARTIFACT-HYGIENE.md",
      "sha256": "1c57020ef661462b36143a7f94597194413742fc1a5cb537b62f756d5579e08a"
    },
    {
      "path": "rules/CROSS-CLI-PARITY.md",
      "sha256": "0c3f6e371bc3ec7786d8758302d2d9a6ac16adb8e1c13304e1cc47097293a8b6"
    },
    {
      "path": "rules/CROSS-SDK-INSPECTION.md",
      "sha256": "2cb9457d58319859b411b6571ccf65ae667057091622f4c1aaa99560b8a01bd2"
    },
    {
      "path": "rules/DATAFLOW-CLASSIFICATION.md",
      "sha256": "3ec6f9938d050fd774fa51f9eec80955b55d2df819fb580704a6e946813a1e80"
    },
    {
      "path": "rules/DATAFLOW-IDENTIFIER-SAFETY.md",
      "sha256": "e7e26f5c62512c59b37c4927a97a2bdc5a213c60c37987034208a5df55ca46f6"
    },
    {
      "path": "rules/DATAFLOW-POOL.md",
      "sha256": "9a208b9d57024b84a35f9c10cb6dd3128cc709bb7378c488a0194d795338c5cd"
    },
    {
      "path": "rules/DEPENDENCIES.md",
      "sha256": "949eb3c6812f7c69d736a0aaccff930dac0ca9d899278866ed9ba2e9519116c7"
    },
    {
      "path": "rules/DEPLOY-HYGIENE.md",
      "sha256": "c89474bd2e4a40e0e16913d4c49c0336a989f93ae3ea2feab38981830001d29d"
    },
    {
      "path": "rules/DEPLOYMENT.md",
      "sha256": "c2b9f71a76c176391933c1812d85d40e65fd3c7fc47125fc50bcc80d17fadfa2"
    },
    {
      "path": "rules/DOCUMENTATION.md",
      "sha256": "fa67f115d992e73aa362ff7204167c1702a408bbcf9c906ca8715a7c9f0a70b1"
    },
    {
      "path": "rules/E2E-GOD-MODE.md",
      "sha256": "59a1b2ee17ef6483e3faa987b944fe7ac54c4aa1cf15ba75bb5f43f2c082566d"
    },
    {
      "path": "rules/EATP.md",
      "sha256": "703233e4ac70d07c50452bede4fc8aedf2ff5f71059c5a86103639b1ccc1310e"
    },
    {
      "path": "rules/ENV-MODELS.md",
      "sha256": "ccf8dd7117ceec5def233a171dc4b5e0e2665b58535be7704e13d56517273ad5"
    },
    {
      "path": "rules/EVENT-PAYLOAD-CLASSIFICATION.md",
      "sha256": "7c1b6430a1634db5e5248e7d074fbca9f78eb6b70d49f092b87f15d3e194339a"
    },
    {
      "path": "rules/EVIDENCE-FIRST-CLAIMS.md",
      "sha256": "1c7e5841719f8605781d4ee6361b6cfc5d89a80d77e14532857020873692544d"
    },
    {
      "path": "rules/FACADE-MANAGER-DETECTION.md",
      "sha256": "25de32fad56cc4191db749964ad9221d16cf5592721ae007e2db680d3245a8f9"
    },
    {
      "path": "rules/FRAMEWORK-FIRST.md",
      "sha256": "84f96ce3c16745c7128924f957cc6faa3ab3497d303d75eb799dd5c16da23063"
    },
    {
      "path": "rules/GIT.md",
      "sha256": "8274a85942047a68e79cf2994fecd21552d3f5b093ae7f4b9c75f994044499f0"
    },
    {
      "path": "rules/GOVERNED-THROUGHPUT.md",
      "sha256": "328bec3dd52d30a8d8919775237dbc4eb2d79b9e8a1ea36eea493ff3bbfec919"
    },
    {
      "path": "rules/HOOK-OUTPUT-DISCIPLINE.md",
      "sha256": "a312084a37b1ff559c3cc1cd428a915cbe0ec84e2e0262d72f0f3f0284c079df"
    },
    {
      "path": "rules/INFRASTRUCTURE-SQL.md",
      "sha256": "57668c105eee448e362e8cc059b2e11958a6605bcac080d1124a21e0e6b4260b"
    },
    {
      "path": "rules/JOURNAL-AUTHOR-DISCIPLINE.md",
      "sha256": "55186818bddca6abe9d966910338e49860bd378f3f71742fd71dcd32691d0809"
    },
    {
      "path": "rules/JOURNAL.md",
      "sha256": "0e5fab4e11f3cf9ecf563b5753b75649630cb92bec3827d23e322541efddb7dc"
    },
    {
      "path": "rules/KNOWLEDGE-CONVERGENCE.md",
      "sha256": "546937f4532a8a8b9a14f8998e864c561628da7365fcb5bb9d384bbe749de508"
    },
    {
      "path": "rules/MULTI-OPERATOR-COORDINATION.md",
      "sha256": "76c5d8f5ba4295cc0554f25082b581866d32a55bd931df7e47ad652d2a69ff54"
    },
    {
      "path": "rules/NEXUS-HTTP-STATUS-CONVENTION.md",
      "sha256": "96c4f839e380e2e7b9dbce0d6c0b91207f5c83de196e7d4c017b2941318bf4ec"
    },
    {
      "path": "rules/NEXUS-WEBHOOK-HMAC.md",
      "sha256": "52382243734c57ac09bfc400c53fe9bda958fe3a6153e5ca2d2ab2aa648b13ed"
    },
    {
      "path": "rules/OBSERVABILITY.md",
      "sha256": "c15eb754959fdffbbaf570f21180de61bf3cab4cf019006b29c4a829f6d0a27d"
    },
    {
      "path": "rules/ORPHAN-DETECTION.md",
      "sha256": "8258a49d377eea9192663c2dd30876d7d7270a094b711ad3242669601118164a"
    },
    {
      "path": "rules/PACT-GOVERNANCE.md",
      "sha256": "73c5717a18497b4f815e77601830990d03a68ffa1eb71638c262f642bb5ffe4b"
    },
    {
      "path": "rules/PATTERNS.md",
      "sha256": "08941ad2b7865d476956f79d390f66dda2fe50e4bcb9fe9507f7b5eb44fd87f8"
    },
    {
      "path": "rules/PROBE-DRIVEN-VERIFICATION.md",
      "sha256": "bbb450becb57489b302420260a7a52195b27894b4ab4f91c5ed2b600d0ef3ff2"
    },
    {
      "path": "rules/PROPOSAL-INTAKE-TRUST.md",
      "sha256": "6bfd611c1c9bef43c418a175f420ab21558fa6dfabe29310acb1ebfc4a87c196"
    },
    {
      "path": "rules/PYTHON-ENVIRONMENT.md",
      "sha256": "a27481cf687adb60372302fc734da16ec4cd69ec1f1539d59d743697ed231acc"
    },
    {
      "path": "rules/RECOMMENDATION-QUALITY.md",
      "sha256": "e6c08d00004e5c50127064112101cc9cf52c1a5e8c045685c30e56cb4a03428a"
    },
    {
      "path": "rules/REFACTOR-INVARIANTS.md",
      "sha256": "af319026dd51d690d225f823323e51ef1c0e2eeaf2f3668fecc5363ed710bf01"
    },
    {
      "path": "rules/REPO-SCOPE-DISCIPLINE.md",
      "sha256": "4e05014d24260d9667978ad8fe27d118b876ec213508ca7321e1d51aa5027abc"
    },
    {
      "path": "rules/RULE-AUTHORING.md",
      "sha256": "c0f76216d4c19e8ae251ade595fa2adfaa88526c36f326ea0979839d442122b8"
    },
    {
      "path": "rules/SCHEMA-MIGRATION.md",
      "sha256": "736152561ae2fd25bf2228193354230f8e19b9c3ac61c49ab149f4c91fdac661"
    },
    {
      "path": "rules/SECURITY.md",
      "sha256": "400e4e09fa6b430646449bf6e57b6cb5f8adffd5834b5539c2d3dfcff66548f4"
    },
    {
      "path": "rules/SELF-REFERENTIAL-CODIFY.md",
      "sha256": "39145c6f313d03c5c50d69bf6d23f1244d99c861d1b632c887b954f54663fa35"
    },
    {
      "path": "rules/SPEC-ACCURACY.md",
      "sha256": "30ab5e2f5346d81cc9f058829d7471b009741610c21a278e042d2e00ddee3359"
    },
    {
      "path": "rules/SPECS-AUTHORITY.md",
      "sha256": "084e2b9c4631e60921759688a0de56ea547df0cbf7dcde518b0a5eb3eaad92d3"
    },
    {
      "path": "rules/STATE-FILE-WRITE-GUARD.md",
      "sha256": "8a5d6484a7d15934b4dfbb48596ebf6573b6b2822460f7f0c2e4638d8ceaf615"
    },
    {
      "path": "rules/SWEEP-COMPLETENESS.md",
      "sha256": "b66fb7d5b5971c6b4e84037a38975f431081154db42caafc29be399edb42ff62"
    },
    {
      "path": "rules/SYNC-COMPLETENESS.md",
      "sha256": "80563fb3c2d02ec5755f2abb8221d134ed4f6e7dad7997c7990d44798b7d8b2a"
    },
    {
      "path": "rules/TENANT-ISOLATION.md",
      "sha256": "0ab94f258776f8053275599d5ee750af2b41fba3ea1e07ec848e6e3cde465523"
    },
    {
      "path": "rules/TESTING.md",
      "sha256": "8c1aca330e4ada507b7b657e8c668e2590ff39dbab680f10f7d7bbc115a76562"
    },
    {
      "path": "rules/TIME-PRESSURE-DISCIPLINE.md",
      "sha256": "e361ecd3160bc3dc43f8a33a35a3bc94ff0fa3781650a31ff52831a06e67068b"
    },
    {
      "path": "rules/TRUST-PLANE-SECURITY.md",
      "sha256": "984d0ac1c7857766bdfc3d2246b5485a5834cc4ab3807d8bab608193cebe02af"
    },
    {
      "path": "rules/TRUST-POSTURE.md",
      "sha256": "af6d0009e6512e0058837ff136cdad67a3b238b067dd44b366383b80c8941b32"
    },
    {
      "path": "rules/UI-BACKEND-DEFENSE.md",
      "sha256": "86b7a0ed8bf183e2ce08e3f0e9d94c5921ed7a64327b4bfda7de538e69692997"
    },
    {
      "path": "rules/UPSTREAM-ISSUE-HYGIENE.md",
      "sha256": "a379550d46d6f8a9b77db61fc0c1aeabf6a99c4777cd99e8cb62bc22807ffe57"
    },
    {
      "path": "rules/USER-FLOW-VALIDATION.md",
      "sha256": "48c54917f476efb22fae7fe9e2026de04e139df1fe90c305c6a66e8dab80e56c"
    },
    {
      "path": "rules/VALUE-PRIORITIZATION.md",
      "sha256": "f94b9a89e4331b2ac626825545ff824661649e6e8a8fc54d3cd443efe8362278"
    },
    {
      "path": "rules/VARIANT-AUTHORING.md",
      "sha256": "b8a8a27c5ddf9fbd4431966f8d92e9051fa3bc78640d1b954d39b9e3d7b34717"
    },
    {
      "path": "rules/VERIFY-CLAIMS-BEFORE-WRITE.md",
      "sha256": "6da21e8baa0041dc1727bf8ca6237a80ed7fbfd90140facd8e8cd5ebd9d4ba77"
    },
    {
      "path": "rules/VERIFY-RESOURCE-EXISTENCE.md",
      "sha256": "cc389a63553f46eabeab00cef54a27f784e073a30fb9356b47ee2bc2500c952c"
    },
    {
      "path": "rules/WAVE-LOOP.md",
      "sha256": "c9e8e0b7fbaf0e73e6f1ecf10949099f972e9add365e1f60f58906183d6bad23"
    },
    {
      "path": "rules/WORKTREE-ISOLATION.md",
      "sha256": "518024a24d2fec778c6735bff9ee0d42be2939860a21472f5f50dc2ffa692472"
    },
    {
      "path": "rules/ZERO-TOLERANCE.md",
      "sha256": "95a99531faf1df30c2caf8cc8cf06dc16c8d85f32a5da7bf7b27dc77f703e438"
    },
    {
      "path": "skills/CO-REFERENCE.md",
      "sha256": "af88ceaa28db419d744dac8e0088ea7db1e4b7a76dc5333e7b3153c33966fc21"
    },
    {
      "path": "skills/COMMAND-AUTHORING.md",
      "sha256": "e30fbb030d47a8e5eb8ff9e7a739045c4189016c298e797b0b81c805089f7a6b"
    },
    {
      "path": "skills/FRAMEWORK-FIRST.md",
      "sha256": "e4b7374d042113be8ea1bffc4cbdad473b8f74c5a3f6f33dff58262aea8da4f6"
    },
    {
      "path": "skills/HOOK-AUTHORING.md",
      "sha256": "d11be49a13cece39c3271a7f1666fd13119ba92e3d9867653822a0e8e5ed4333"
    },
    {
      "path": "skills/PROJECT.md",
      "sha256": "e2e2b68fcf90fb8d0cd0ae5a46c02377089d164bf14b72c4e3591a19fbf8822c"
    },
    {
      "path": "skills/S01-CORE-SDK.md",
      "sha256": "89a22301d77b662dea61bb56bfa5d301b4a13e787602dda01992d7a315fd268c"
    },
    {
      "path": "skills/S02-DATAFLOW.md",
      "sha256": "579e503f1e46bb4f70a284397eeaad596f27fb48bb5034f2ae57d4d619396a64"
    },
    {
      "path": "skills/S03-NEXUS.md",
      "sha256": "1a120bde512d02e4c94fb9e40a800746facf5a4969b1f8599808afe263219390"
    },
    {
      "path": "skills/S04-KAIZEN.md",
      "sha256": "b724645de8d2ce209a7968b8cbaa5f39f3f94b987924c8926c2b7965bc8054e2"
    },
    {
      "path": "skills/S05-KAILASH-MCP.md",
      "sha256": "a0e556c71ced5dfe5e214616ce92e975c44af8a701466dc60e80adf7558646bc"
    },
    {
      "path": "skills/S06-CHEATSHEETS.md",
      "sha256": "f94a6985d0698e88f712e51e7645162f141ddbe2717a17f27723ef411a89b0bf"
    },
    {
      "path": "skills/S08-NODES-REFERENCE.md",
      "sha256": "c18d17cb0509f7e9ec73d6d027316cc151310edce7f0dd262bd593101ffd4da8"
    },
    {
      "path": "skills/S10-DEPLOYMENT-GIT.md",
      "sha256": "e34b6884a44d90d249de36b80598d1b64e378cbae6ce6860e24af38cabebc91a"
    },
    {
      "path": "skills/S12-TESTING-STRATEGIES.md",
      "sha256": "77b63e559387c9afc4964b403bc4fd8703fc70a6647e6779a8b97c1cc23078f9"
    },
    {
      "path": "skills/S15-ENTERPRISE-INFRASTRUCTURE.md",
      "sha256": "0c5d05b8bf17070c9e6ed186a9a8380ef96cb82d2678c6aa7199f97cfcc50569"
    },
    {
      "path": "skills/S16-VALIDATION-PATTERNS.md",
      "sha256": "d578a67811348836053a92419c4b7a8d7e281f6a9f641fcd4fcee41e2c7b3600"
    },
    {
      "path": "skills/S17-GOLD-STANDARDS.md",
      "sha256": "0e26046656f68bfb646acd8c1e6cb93e7bc995879cc46644be7e7a982f9d9b4e"
    },
    {
      "path": "skills/S18-SECURITY-PATTERNS.md",
      "sha256": "91d9435b8313a18072cddd2d9098dd76e172f0dea8fb97b48482421d07c815f2"
    },
    {
      "path": "skills/S23-UIUX-DESIGN-PRINCIPLES.md",
      "sha256": "d55a2c15fd89f8bea56f3c74cf0ed38ba4e3e913be16cfe34648e9b714a8d602"
    },
    {
      "path": "skills/S25-AI-INTERACTION-PATTERNS.md",
      "sha256": "26e68451310138f0143d7cb9e681b75db1c54ed10f89e821620fb9a0bb15e21a"
    },
    {
      "path": "skills/S26-EATP-REFERENCE.md",
      "sha256": "cd8b98fd954ab0e52cb477253860b1d1277ffbdfb41e84360fa8ec6a39626702"
    },
    {
      "path": "skills/S29-PACT.md",
      "sha256": "9dd37c7ede94c6fcb3433eaf7e21b66fdcea4cde6fd2055d305f118c62aa064c"
    },
    {
      "path": "skills/S30-CLAUDE-CODE-PATTERNS.md",
      "sha256": "e2c5f545e7f42d5ce5239065d9861da1079b7ad9a5be96a9720dc6f6767cc6ba"
    },
    {
      "path": "skills/S31-ERROR-TROUBLESHOOTING.md",
      "sha256": "ddb5526baa918346b266cc72fbd87031c6de800d63621159cf3821233e3f707d"
    },
    {
      "path": "skills/S32-TRUST-POSTURE.md",
      "sha256": "f6215069e5bc8a82885cbba6356e4b8b4b5fc473c516bd6a18834e4ff3057595"
    },
    {
      "path": "skills/S34-KAILASH-ML.md",
      "sha256": "20caabf3f7d9dda1891bc6e0fe19baacdc97b4ad055ba53ff1cc804e78666d45"
    },
    {
      "path": "skills/S35-KAILASH-ALIGN.md",
      "sha256": "78d4ebd6c877cdcd5ef2a69b7397f18014b22c3f22a52f0568f0d2b49755e557"
    },
    {
      "path": "skills/S36-CLAUDE-MANAGED-AGENTS.md",
      "sha256": "60293001d868f7caef18158e5f875bdd18169253776ac90da99ce912ecbf5df9"
    },
    {
      "path": "skills/S41-ONBOARD.md",
      "sha256": "c66fea8b4281cdab0a367288192c1e6fd50eef1ec0cbd00e5856ba2b0a29de65"
    },
    {
      "path": "skills/S42-CERTIFY.md",
      "sha256": "b82593834ec63a9650d6ab3c9ab87b0be987b4f7908d42e60f464516b210ce12"
    },
    {
      "path": "skills/S43-ECOSYSTEM-INIT.md",
      "sha256": "f8c5de182cb1cca3aa3f31579251c453b3f4864f9842969d7297945d70f7d0bb"
    },
    {
      "path": "skills/S44-ENROLL.md",
      "sha256": "cda6ebd0b539ade1847c0c165f46ea5c16c8f431938369d3c15167e1ac24be3a"
    },
    {
      "path": "skills/SKILL-AUTHORING.md",
      "sha256": "5c98c7800c29f0afc88d421ddd49e09109be4b4c46641cfec0179be8912425d1"
    },
    {
      "path": "skills/SPEC-COMPLIANCE.md",
      "sha256": "c49629028e4b7655848dd1d763b1a187e3a25cddfbbc05ed76733bab98be6f47"
    },
    {
      "path": "skills/TEST-SKIP-DISCIPLINE.md",
      "sha256": "cdff7e1204020c202879b19ad4bbf309b7e6418cd2b57e613aee1b35f5eda137"
    }
  ]
}